
Microsoft Visual Studio Solution File, Format Version 12.00
# Visual Studio Version 17
VisualStudioVersion = 17.7.34031.279
MinimumVisualStudioVersion = 10.0.40219.1
Project("{FAE04EC0-301F-11D3-BF4B-00C04F79EFBC}") = "QuanLyKeToan", "QuanLyKeToan\QuanLyKeToan.csproj", "{315C65AF-FACE-459B-8703-379F128AE022}"
EndProject
Global
	GlobalSection(SolutionConfigurationPlatforms) = preSolution
		Debug|Any CPU = Debug|Any CPU
		Release|Any CPU = Release|Any CPU
	EndGlobalSection
	GlobalSection(ProjectConfigurationPlatforms) = postSolution
		{315C65AF-FACE-459B-8703-379F128AE022}.Debug|Any CPU.ActiveCfg = Debug|Any CPU
		{315C65AF-FACE-459B-8703-379F128AE022}.Debug|Any CPU.Build.0 = Debug|Any CPU
		{315C65AF-FACE-459B-8703-379F128AE022}.Release|Any CPU.ActiveCfg = Release|Any CPU
		{315C65AF-FACE-459B-8703-379F128AE022}.Release|Any CPU.Build.0 = Release|Any CPU
	EndGlobalSection
	GlobalSection(SolutionProperties) = preSolution
		HideSolutionNode = FALSE
	EndGlobalSection
	GlobalSection(ExtensibilityGlobals) = postSolution
		SolutionGuid = {430C1BBC-AA63-47DA-A9FE-D499B61D2DBE}
	EndGlobalSection
EndGlobal
